
Microsoft Visual Studio Solution File, Format Version 12.00
# Visual Studio Version 17
VisualStudioVersion = 17.8.34309.116
MinimumVisualStudioVersion = 10.0.40219.1
Project("{FAE04EC0-301F-11D3-BF4B-00C04F79EFBC}") = "AscomTesting", "AscomTesting\AscomTesting.csproj", "{605E1CE1-52E2-4E27-AF4C-7C3380DCEA94}"
EndProject
Global
	GlobalSection(SolutionConfigurationPlatforms) = preSolution
		Debug|Any CPU = Debug|Any CPU
		Release|Any CPU = Release|Any CPU
	EndGlobalSection
	GlobalSection(ProjectConfigurationPlatforms) = postSolution
		{605E1CE1-52E2-4E27-AF4C-7C3380DCEA94}.Debug|Any CPU.ActiveCfg = Debug|Any CPU
		{605E1CE1-52E2-4E27-AF4C-7C3380DCEA94}.Debug|Any CPU.Build.0 = Debug|Any CPU
		{605E1CE1-52E2-4E27-AF4C-7C3380DCEA94}.Release|Any CPU.ActiveCfg = Release|Any CPU
		{605E1CE1-52E2-4E27-AF4C-7C3380DCEA94}.Release|Any CPU.Build.0 = Release|Any CPU
	EndGlobalSection
	GlobalSection(SolutionProperties) = preSolution
		HideSolutionNode = FALSE
	EndGlobalSection
	GlobalSection(ExtensibilityGlobals) = postSolution
		SolutionGuid = {CFA42CFE-E757-4A5A-AA99-8571B9153769}
	EndGlobalSection
EndGlobal
